
Microsoft Visual Studio Solution File, Format Version 12.00
# Visual Studio Version 17
Project("{8BC9CEB8-8B4A-11D0-8D11-00A0C91BC942}") = "softwareRenderer", "softwareRenderer\softwareRenderer.vcxproj", "{A72E0CB7-9327-2B09-BC59-108EA8B10A15}"
EndProject
Project("{8BC9CEB8-8B4A-11D0-8D11-00A0C91BC942}") = "testDemo", "testDemo\testDemo.vcxproj", "{CA18DDFC-B6E5-3708-DFFE-25B0CB2A6D96}"
EndProject
Global
	GlobalSection(SolutionConfigurationPlatforms) = preSolution
		Debug|x64 = Debug|x64
		Dist|x64 = Dist|x64
		Release|x64 = Release|x64
	EndGlobalSection
	GlobalSection(ProjectConfigurationPlatforms) = postSolution
		{A72E0CB7-9327-2B09-BC59-108EA8B10A15}.Debug|x64.ActiveCfg = Debug|x64
		{A72E0CB7-9327-2B09-BC59-108EA8B10A15}.Debug|x64.Build.0 = Debug|x64
		{A72E0CB7-9327-2B09-BC59-108EA8B10A15}.Dist|x64.ActiveCfg = Dist|x64
		{A72E0CB7-9327-2B09-BC59-108EA8B10A15}.Dist|x64.Build.0 = Dist|x64
		{A72E0CB7-9327-2B09-BC59-108EA8B10A15}.Release|x64.ActiveCfg = Release|x64
		{A72E0CB7-9327-2B09-BC59-108EA8B10A15}.Release|x64.Build.0 = Release|x64
		{CA18DDFC-B6E5-3708-DFFE-25B0CB2A6D96}.Debug|x64.ActiveCfg = Debug|x64
		{CA18DDFC-B6E5-3708-DFFE-25B0CB2A6D96}.Debug|x64.Build.0 = Debug|x64
		{CA18DDFC-B6E5-3708-DFFE-25B0CB2A6D96}.Dist|x64.ActiveCfg = Dist|x64
		{CA18DDFC-B6E5-3708-DFFE-25B0CB2A6D96}.Dist|x64.Build.0 = Dist|x64
		{CA18DDFC-B6E5-3708-DFFE-25B0CB2A6D96}.Release|x64.ActiveCfg = Release|x64
		{CA18DDFC-B6E5-3708-DFFE-25B0CB2A6D96}.Release|x64.Build.0 = Release|x64
	EndGlobalSection
	GlobalSection(SolutionProperties) = preSolution
		HideSolutionNode = FALSE
	EndGlobalSection
EndGlobal
